
Microsoft Visual Studio Solution File, Format Version 12.00
# Visual Studio 15
VisualStudioVersion = 15.0.26730.15
MinimumVisualStudioVersion = 10.0.40219.1
Project("{FAE04EC0-301F-11D3-BF4B-00C04F79EFBC}") = "Codewards_Who likes it", "Codewards_Who likes it\Codewards_Who likes it.csproj", "{55FBFA83-18B0-48A7-BCE8-4050798EFCBD}"
EndProject
Global
	GlobalSection(SolutionConfigurationPlatforms) = preSolution
		Debug|Any CPU = Debug|Any CPU
		Release|Any CPU = Release|Any CPU
	EndGlobalSection
	GlobalSection(ProjectConfigurationPlatforms) = postSolution
		{55FBFA83-18B0-48A7-BCE8-4050798EFCBD}.Debug|Any CPU.ActiveCfg = Debug|Any CPU
		{55FBFA83-18B0-48A7-BCE8-4050798EFCBD}.Debug|Any CPU.Build.0 = Debug|Any CPU
		{55FBFA83-18B0-48A7-BCE8-4050798EFCBD}.Release|Any CPU.ActiveCfg = Release|Any CPU
		{55FBFA83-18B0-48A7-BCE8-4050798EFCBD}.Release|Any CPU.Build.0 = Release|Any CPU
	EndGlobalSection
	GlobalSection(SolutionProperties) = preSolution
		HideSolutionNode = FALSE
	EndGlobalSection
	GlobalSection(ExtensibilityGlobals) = postSolution
		SolutionGuid = {B10F22CA-6334-47DB-BA6B-D53597335ACC}
	EndGlobalSection
EndGlobal
